
Microsoft Visual Studio Solution File, Format Version 12.00
# Visual Studio Version 17
VisualStudioVersion = 17.9.34616.47
MinimumVisualStudioVersion = 10.0.40219.1
Project("{9A19103F-16F7-4668-BE54-9A1E7A4F7556}") = "BPCloud_VP.APIGateWay", "BPCloud_VP.APIGateWay\BPCloud_VP.APIGateWay.csproj", "{10800AE4-E849-4376-B078-D480BB13C8F8}"
EndProject
Project("{9A19103F-16F7-4668-BE54-9A1E7A4F7556}") = "BPCloud_VP.AuthenticationService", "BPCloud_VP.AuthenticationService\BPCloud_VP.AuthenticationService.csproj", "{CDC0BBD9-BADB-47F6-ABC5-0ABB0C6EEDB5}"
EndProject
Project("{9A19103F-16F7-4668-BE54-9A1E7A4F7556}") = "BPCloud_VP.FactService", "BPCloud_VP.FactService\BPCloud_VP.FactService.csproj", "{B593131D-1F4D-45BE-AB6A-857A06A6D812}"
EndProject
Project("{9A19103F-16F7-4668-BE54-9A1E7A4F7556}") = "BPCloud_VP.ReportService", "BPCloud_VP.ReportService\BPCloud_VP.ReportService.csproj", "{8CE74C13-1397-43A4-ADAE-B108D32A0ABF}"
EndProject
Project("{9A19103F-16F7-4668-BE54-9A1E7A4F7556}") = "BPCloud_VP.SupportDeskService", "BPCloud_VP.SupportDeskService\BPCloud_VP.SupportDeskService.csproj", "{4A4FE305-2640-4D7D-B366-B679AE1DDA4F}"
EndProject
Project("{9A19103F-16F7-4668-BE54-9A1E7A4F7556}") = "BPCloud_VP.POService", "BPCloud_VP.POService\BPCloud_VP.POService.csproj", "{425F7415-C4FE-4760-804C-D585F2A24573}"
EndProject
Project("{FAE04EC0-301F-11D3-BF4B-00C04F79EFBC}") = "BPCloud_VP.AttachmentMigrationService", "BPCloud_VP.AttachmentMigrationService\BPCloud_VP.AttachmentMigrationService.csproj", "{82F98D6E-E0BF-45B5-B217-A5B3AE074440}"
EndProject
Project("{FAE04EC0-301F-11D3-BF4B-00C04F79EFBC}") = "BPCloud_VP.ExalcaScanEngineService", "BPCloud_VP.ExalcaScanEngineService\BPCloud_VP.ExalcaScanEngineService.csproj", "{D3C9FEA5-A232-43EB-86C0-9CEB1C4A1AAA}"
EndProject
Project("{54435603-DBB4-11D2-8724-00A0C9A8B90C}") = "AttachmentMigrationSetup", "AttachmentMigrationSetup\AttachmentMigrationSetup.vdproj", "{80C34223-5DDD-4E18-8EA8-17EBE561EC36}"
EndProject
Project("{54435603-DBB4-11D2-8724-00A0C9A8B90C}") = "ExalcaScanEngineSetup", "ExalcaScanEngineSetup\ExalcaScanEngineSetup.vdproj", "{2B38A5CB-7112-4502-A915-C47791FA951C}"
EndProject
Global
	GlobalSection(SolutionConfigurationPlatforms) = preSolution
		Debug|Any CPU = Debug|Any CPU
		Release|Any CPU = Release|Any CPU
	EndGlobalSection
	GlobalSection(ProjectConfigurationPlatforms) = postSolution
		{10800AE4-E849-4376-B078-D480BB13C8F8}.Debug|Any CPU.ActiveCfg = Debug|Any CPU
		{10800AE4-E849-4376-B078-D480BB13C8F8}.Debug|Any CPU.Build.0 = Debug|Any CPU
		{10800AE4-E849-4376-B078-D480BB13C8F8}.Release|Any CPU.ActiveCfg = Release|Any CPU
		{10800AE4-E849-4376-B078-D480BB13C8F8}.Release|Any CPU.Build.0 = Release|Any CPU
		{CDC0BBD9-BADB-47F6-ABC5-0ABB0C6EEDB5}.Debug|Any CPU.ActiveCfg = Debug|Any CPU
		{CDC0BBD9-BADB-47F6-ABC5-0ABB0C6EEDB5}.Debug|Any CPU.Build.0 = Debug|Any CPU
		{CDC0BBD9-BADB-47F6-ABC5-0ABB0C6EEDB5}.Release|Any CPU.ActiveCfg = Release|Any CPU
		{CDC0BBD9-BADB-47F6-ABC5-0ABB0C6EEDB5}.Release|Any CPU.Build.0 = Release|Any CPU
		{B593131D-1F4D-45BE-AB6A-857A06A6D812}.Debug|Any CPU.ActiveCfg = Debug|Any CPU
		{B593131D-1F4D-45BE-AB6A-857A06A6D812}.Debug|Any CPU.Build.0 = Debug|Any CPU
		{B593131D-1F4D-45BE-AB6A-857A06A6D812}.Release|Any CPU.ActiveCfg = Release|Any CPU
		{B593131D-1F4D-45BE-AB6A-857A06A6D812}.Release|Any CPU.Build.0 = Release|Any CPU
		{8CE74C13-1397-43A4-ADAE-B108D32A0ABF}.Debug|Any CPU.ActiveCfg = Debug|Any CPU
		{8CE74C13-1397-43A4-ADAE-B108D32A0ABF}.Debug|Any CPU.Build.0 = Debug|Any CPU
		{8CE74C13-1397-43A4-ADAE-B108D32A0ABF}.Release|Any CPU.ActiveCfg = Release|Any CPU
		{8CE74C13-1397-43A4-ADAE-B108D32A0ABF}.Release|Any CPU.Build.0 = Release|Any CPU
		{4A4FE305-2640-4D7D-B366-B679AE1DDA4F}.Debug|Any CPU.ActiveCfg = Debug|Any CPU
		{4A4FE305-2640-4D7D-B366-B679AE1DDA4F}.Debug|Any CPU.Build.0 = Debug|Any CPU
		{4A4FE305-2640-4D7D-B366-B679AE1DDA4F}.Release|Any CPU.ActiveCfg = Release|Any CPU
		{4A4FE305-2640-4D7D-B366-B679AE1DDA4F}.Release|Any CPU.Build.0 = Release|Any CPU
		{425F7415-C4FE-4760-804C-D585F2A24573}.Debug|Any CPU.ActiveCfg = Debug|Any CPU
		{425F7415-C4FE-4760-804C-D585F2A24573}.Debug|Any CPU.Build.0 = Debug|Any CPU
		{425F7415-C4FE-4760-804C-D585F2A24573}.Release|Any CPU.ActiveCfg = Release|Any CPU
		{425F7415-C4FE-4760-804C-D585F2A24573}.Release|Any CPU.Build.0 = Release|Any CPU
		{82F98D6E-E0BF-45B5-B217-A5B3AE074440}.Debug|Any CPU.ActiveCfg = Debug|Any CPU
		{82F98D6E-E0BF-45B5-B217-A5B3AE074440}.Debug|Any CPU.Build.0 = Debug|Any CPU
		{82F98D6E-E0BF-45B5-B217-A5B3AE074440}.Release|Any CPU.ActiveCfg = Debug|Any CPU
		{82F98D6E-E0BF-45B5-B217-A5B3AE074440}.Release|Any CPU.Build.0 = Debug|Any CPU
		{D3C9FEA5-A232-43EB-86C0-9CEB1C4A1AAA}.Debug|Any CPU.ActiveCfg = Debug|Any CPU
		{D3C9FEA5-A232-43EB-86C0-9CEB1C4A1AAA}.Debug|Any CPU.Build.0 = Debug|Any CPU
		{D3C9FEA5-A232-43EB-86C0-9CEB1C4A1AAA}.Release|Any CPU.ActiveCfg = Release|Any CPU
		{D3C9FEA5-A232-43EB-86C0-9CEB1C4A1AAA}.Release|Any CPU.Build.0 = Release|Any CPU
		{80C34223-5DDD-4E18-8EA8-17EBE561EC36}.Debug|Any CPU.ActiveCfg = Debug
		{80C34223-5DDD-4E18-8EA8-17EBE561EC36}.Release|Any CPU.ActiveCfg = Release
		{2B38A5CB-7112-4502-A915-C47791FA951C}.Debug|Any CPU.ActiveCfg = Debug
		{2B38A5CB-7112-4502-A915-C47791FA951C}.Release|Any CPU.ActiveCfg = Release
	EndGlobalSection
	GlobalSection(SolutionProperties) = preSolution
		HideSolutionNode = FALSE
	EndGlobalSection
	GlobalSection(ExtensibilityGlobals) = postSolution
		SolutionGuid = {1675664A-320A-4FB6-9534-D88BAA665D86}
	EndGlobalSection
EndGlobal
